// !$*UTF8*$!
{
	archiveVersion = 1;
	classes = {
	};
	objectVersion = 56;
	objects = {

/* Begin PBXBuildFile section */
		34B0113D290015830043951A /* View in Resources */ = {isa = PBXBuildFile; fileRef = 34B0113C290015830043951A /* View */; };
		34B011402900158D0043951A /* ViewController in Resources */ = {isa = PBXBuildFile; fileRef = 34B0113F2900158D0043951A /* ViewController */; };
		34B01143290015950043951A /* Extension in Resources */ = {isa = PBXBuildFile; fileRef = 34B01142290015950043951A /* Extension */; };
		34B011462900159F0043951A /* Resource in Resources */ = {isa = PBXBuildFile; fileRef = 34B011452900159F0043951A /* Resource */; };
		34B01149290015A60043951A /* Model in Resources */ = {isa = PBXBuildFile; fileRef = 34B01148290015A60043951A /* Model */; };
		3AA4D41F28FEBADE006C718A /* AppDelegate.swift in Sources */ = {isa = PBXBuildFile; fileRef = 3AA4D41E28FEBADE006C718A /* AppDelegate.swift */; };
		3AA4D42128FEBADE006C718A /* SceneDelegate.swift in Sources */ = {isa = PBXBuildFile; fileRef = 3AA4D42028FEBADE006C718A /* SceneDelegate.swift */; };
		3AA4D42328FEBADE006C718A /* MainViewController.swift in Sources */ = {isa = PBXBuildFile; fileRef = 3AA4D42228FEBADE006C718A /* MainViewController.swift */; };
		3AA4D42928FEBADE006C718A /* OrrRock.xcdatamodeld in Sources */ = {isa = PBXBuildFile; fileRef = 3AA4D42728FEBADE006C718A /* OrrRock.xcdatamodeld */; };
		3AA4D42B28FEBADF006C718A /* Assets.xcassets in Resources */ = {isa = PBXBuildFile; fileRef = 3AA4D42A28FEBADF006C718A /* Assets.xcassets */; };
		3AA4D42E28FEBADF006C718A /* LaunchScreen.storyboard in Resources */ = {isa = PBXBuildFile; fileRef = 3AA4D42C28FEBADF006C718A /* LaunchScreen.storyboard */; };
		3AA4D43728FEBE94006C718A /* SnapKit in Frameworks */ = {isa = PBXBuildFile; productRef = 3AA4D43628FEBE94006C718A /* SnapKit */; };
		707B2CAE28FFF7090062C958 /* NVActivityIndicatorView in Frameworks */ = {isa = PBXBuildFile; productRef = 707B2CAD28FFF7090062C958 /* NVActivityIndicatorView */; };
		707B2CB028FFFDB30062C958 /* UploadTestViewController.swift in Sources */ = {isa = PBXBuildFile; fileRef = 707B2CAF28FFFDB30062C958 /* UploadTestViewController.swift */; };
		707B2CB528FFFEFF0062C958 /* UpoadTestNextViewController.swift in Sources */ = {isa = PBXBuildFile; fileRef = 707B2CB428FFFEFF0062C958 /* UpoadTestNextViewController.swift */; };
/* End PBXBuildFile section */

/* Begin PBXFileReference section */
		34B0113C290015830043951A /* View */ = {isa = PBXFileReference; lastKnownFileType = text; path = View; sourceTree = "<group>"; };
		34B0113F2900158D0043951A /* ViewController */ = {isa = PBXFileReference; lastKnownFileType = text; path = ViewController; sourceTree = "<group>"; };
		34B01142290015950043951A /* Extension */ = {isa = PBXFileReference; lastKnownFileType = text; path = Extension; sourceTree = "<group>"; };
		34B011452900159F0043951A /* Resource */ = {isa = PBXFileReference; lastKnownFileType = text; path = Resource; sourceTree = "<group>"; };
		34B01148290015A60043951A /* Model */ = {isa = PBXFileReference; lastKnownFileType = text; path = Model; sourceTree = "<group>"; };
		3AA4D41B28FEBADE006C718A /* OrrRock.app */ = {isa = PBXFileReference; explicitFileType = wrapper.application; includeInIndex = 0; path = OrrRock.app; sourceTree = BUILT_PRODUCTS_DIR; };
		3AA4D41E28FEBADE006C718A /* AppDelegate.swift */ = {isa = PBXFileReference; lastKnownFileType = sourcecode.swift; path = AppDelegate.swift; sourceTree = "<group>"; };
		3AA4D42028FEBADE006C718A /* SceneDelegate.swift */ = {isa = PBXFileReference; lastKnownFileType = sourcecode.swift; path = SceneDelegate.swift; sourceTree = "<group>"; };
		3AA4D42228FEBADE006C718A /* MainViewController.swift */ = {isa = PBXFileReference; lastKnownFileType = sourcecode.swift; path = MainViewController.swift; sourceTree = "<group>"; };
		3AA4D42828FEBADE006C718A /* OrrRock.xcdatamodel */ = {isa = PBXFileReference; lastKnownFileType = wrapper.xcdatamodel; path = OrrRock.xcdatamodel; sourceTree = "<group>"; };
		3AA4D42A28FEBADF006C718A /* Assets.xcassets */ = {isa = PBXFileReference; lastKnownFileType = folder.assetcatalog; path = Assets.xcassets; sourceTree = "<group>"; };
		3AA4D42D28FEBADF006C718A /* Base */ = {isa = PBXFileReference; lastKnownFileType = file.storyboard; name = Base; path = Base.lproj/LaunchScreen.storyboard; sourceTree = "<group>"; };
		3AA4D42F28FEBADF006C718A /* Info.plist */ = {isa = PBXFileReference; lastKnownFileType = text.plist.xml; path = Info.plist; sourceTree = "<group>"; };
		707B2CAF28FFFDB30062C958 /* UploadTestViewController.swift */ = {isa = PBXFileReference; lastKnownFileType = sourcecode.swift; path = UploadTestViewController.swift; sourceTree = "<group>"; };
		707B2CB428FFFEFF0062C958 /* UpoadTestNextViewController.swift */ = {isa = PBXFileReference; lastKnownFileType = sourcecode.swift; path = UpoadTestNextViewController.swift; sourceTree = "<group>"; };
/* End PBXFileReference section */

/* Begin PBXFrameworksBuildPhase section */
		3AA4D41828FEBADE006C718A /* Frameworks */ = {
			isa = PBXFrameworksBuildPhase;
			buildActionMask = 2147483647;
			files = (
				707B2CAE28FFF7090062C958 /* NVActivityIndicatorView in Frameworks */,
				3AA4D43728FEBE94006C718A /* SnapKit in Frameworks */,
			);
			runOnlyForDeploymentPostprocessing = 0;
		};
/* End PBXFrameworksBuildPhase section */

/* Begin PBXGroup section */
		34B0113B290015760043951A /* Views */ = {
			isa = PBXGroup;
			children = (
				34B0113C290015830043951A /* View */,
			);
			path = Views;
			sourceTree = "<group>";
		};
		34B0113E290015860043951A /* ViewControllers */ = {
			isa = PBXGroup;
			children = (
				34B0113F2900158D0043951A /* ViewController */,
			);
			path = ViewControllers;
			sourceTree = "<group>";
		};
		34B011412900158F0043951A /* Extensions */ = {
			isa = PBXGroup;
			children = (
				34B01142290015950043951A /* Extension */,
			);
			path = Extensions;
			sourceTree = "<group>";
		};
		34B01144290015970043951A /* Resources */ = {
			isa = PBXGroup;
			children = (
				34B011452900159F0043951A /* Resource */,
			);
			path = Resources;
			sourceTree = "<group>";
		};
		34B01147290015A10043951A /* Models */ = {
			isa = PBXGroup;
			children = (
				34B01148290015A60043951A /* Model */,
			);
			path = Models;
			sourceTree = "<group>";
		};
		3AA4D41228FEBADE006C718A = {
			isa = PBXGroup;
			children = (
				3AA4D41D28FEBADE006C718A /* OrrRock */,
				3AA4D41C28FEBADE006C718A /* Products */,
			);
			sourceTree = "<group>";
		};
		3AA4D41C28FEBADE006C718A /* Products */ = {
			isa = PBXGroup;
			children = (
				3AA4D41B28FEBADE006C718A /* OrrRock.app */,
			);
			name = Products;
			sourceTree = "<group>";
		};
		3AA4D41D28FEBADE006C718A /* OrrRock */ = {
			isa = PBXGroup;
			children = (
				707B2CB128FFFE6C0062C958 /* Ruyha */,
				34B01147290015A10043951A /* Models */,
				34B01144290015970043951A /* Resources */,
				34B011412900158F0043951A /* Extensions */,
				34B0113E290015860043951A /* ViewControllers */,
				34B0113B290015760043951A /* Views */,
				3AA4D41E28FEBADE006C718A /* AppDelegate.swift */,
				3AA4D42028FEBADE006C718A /* SceneDelegate.swift */,
				3AA4D42228FEBADE006C718A /* MainViewController.swift */,
				3AA4D42A28FEBADF006C718A /* Assets.xcassets */,
				3AA4D42C28FEBADF006C718A /* LaunchScreen.storyboard */,
				3AA4D42F28FEBADF006C718A /* Info.plist */,
				3AA4D42728FEBADE006C718A /* OrrRock.xcdatamodeld */,
			);
			path = OrrRock;
			sourceTree = "<group>";
		};
		707B2CB128FFFE6C0062C958 /* Ruyha */ = {
			isa = PBXGroup;
			children = (
				707B2CAF28FFFDB30062C958 /* UploadTestViewController.swift */,
				707B2CB428FFFEFF0062C958 /* UpoadTestNextViewController.swift */,
			);
			path = Ruyha;
			sourceTree = "<group>";
		};
/* End PBXGroup section */

/* Begin PBXNativeTarget section */
		3AA4D41A28FEBADE006C718A /* OrrRock */ = {
			isa = PBXNativeTarget;
			buildConfigurationList = 3AA4D43228FEBADF006C718A /* Build configuration list for PBXNativeTarget "OrrRock" */;
			buildPhases = (
				3AA4D41728FEBADE006C718A /* Sources */,
				3AA4D41828FEBADE006C718A /* Frameworks */,
				3AA4D41928FEBADE006C718A /* Resources */,
			);
			buildRules = (
			);
			dependencies = (
			);
			name = OrrRock;
			packageProductDependencies = (
				3AA4D43628FEBE94006C718A /* SnapKit */,
				707B2CAD28FFF7090062C958 /* NVActivityIndicatorView */,
			);
			productName = OrrRock;
			productReference = 3AA4D41B28FEBADE006C718A /* OrrRock.app */;
			productType = "com.apple.product-type.application";
		};
/* End PBXNativeTarget section */

/* Begin PBXProject section */
		3AA4D41328FEBADE006C718A /* Project object */ = {
			isa = PBXProject;
			attributes = {
				BuildIndependentTargetsInParallel = 1;
				LastSwiftUpdateCheck = 1400;
				LastUpgradeCheck = 1400;
				TargetAttributes = {
					3AA4D41A28FEBADE006C718A = {
						CreatedOnToolsVersion = 14.0.1;
					};
				};
			};
			buildConfigurationList = 3AA4D41628FEBADE006C718A /* Build configuration list for PBXProject "OrrRock" */;
			compatibilityVersion = "Xcode 14.0";
			developmentRegion = en;
			hasScannedForEncodings = 0;
			knownRegions = (
				en,
				Base,
			);
			mainGroup = 3AA4D41228FEBADE006C718A;
			packageReferences = (
				3AA4D43528FEBE94006C718A /* XCRemoteSwiftPackageReference "SnapKit" */,
				707B2CAC28FFF7090062C958 /* XCRemoteSwiftPackageReference "NVActivityIndicatorView" */,
			);
			productRefGroup = 3AA4D41C28FEBADE006C718A /* Products */;
			projectDirPath = "";
			projectRoot = "";
			targets = (
				3AA4D41A28FEBADE006C718A /* OrrRock */,
			);
		};
/* End PBXProject section */

/* Begin PBXResourcesBuildPhase section */
		3AA4D41928FEBADE006C718A /* Resources */ = {
			isa = PBXResourcesBuildPhase;
			buildActionMask = 2147483647;
			files = (
				34B011462900159F0043951A /* Resource in Resources */,
				3AA4D42E28FEBADF006C718A /* LaunchScreen.storyboard in Resources */,
				34B011402900158D0043951A /* ViewController in Resources */,
				3AA4D42B28FEBADF006C718A /* Assets.xcassets in Resources */,
				34B01149290015A60043951A /* Model in Resources */,
				34B0113D290015830043951A /* View in Resources */,
				34B01143290015950043951A /* Extension in Resources */,
			);
			runOnlyForDeploymentPostprocessing = 0;
		};
/* End PBXResourcesBuildPhase section */

/* Begin PBXSourcesBuildPhase section */
		3AA4D41728FEBADE006C718A /* Sources */ = {
			isa = PBXSourcesBuildPhase;
			buildActionMask = 2147483647;
			files = (
				3AA4D42328FEBADE006C718A /* MainViewController.swift in Sources */,
				707B2CB028FFFDB30062C958 /* UploadTestViewController.swift in Sources */,
				3AA4D41F28FEBADE006C718A /* AppDelegate.swift in Sources */,
				3AA4D42928FEBADE006C718A /* OrrRock.xcdatamodeld in Sources */,
				3AA4D42128FEBADE006C718A /* SceneDelegate.swift in Sources */,
				707B2CB528FFFEFF0062C958 /* UpoadTestNextViewController.swift in Sources */,
			);
			runOnlyForDeploymentPostprocessing = 0;
		};
/* End PBXSourcesBuildPhase section */

/* Begin PBXVariantGroup section */
		3AA4D42C28FEBADF006C718A /* LaunchScreen.storyboard */ = {
			isa = PBXVariantGroup;
			children = (
				3AA4D42D28FEBADF006C718A /* Base */,
			);
			name = LaunchScreen.storyboard;
			sourceTree = "<group>";
		};
/* End PBXVariantGroup section */

/* Begin XCBuildConfiguration section */
		3AA4D43028FEBADF006C718A /* Debug */ = {
			isa = XCBuildConfiguration;
			buildSettings = {
				ALWAYS_SEARCH_USER_PATHS = NO;
				CLANG_ANALYZER_NONNULL = YES;
				CLANG_ANALYZER_NUMBER_OBJECT_CONVERSION = YES_AGGRESSIVE;
				CLANG_CXX_LANGUAGE_STANDARD = "gnu++20";
				CLANG_ENABLE_MODULES = YES;
				CLANG_ENABLE_OBJC_ARC = YES;
				CLANG_ENABLE_OBJC_WEAK = YES;
				CLANG_WARN_BLOCK_CAPTURE_AUTORELEASING = YES;
				CLANG_WARN_BOOL_CONVERSION = YES;
				CLANG_WARN_COMMA = YES;
				CLANG_WARN_CONSTANT_CONVERSION = YES;
				CLANG_WARN_DEPRECATED_OBJC_IMPLEMENTATIONS = YES;
				CLANG_WARN_DIRECT_OBJC_ISA_USAGE = YES_ERROR;
				CLANG_WARN_DOCUMENTATION_COMMENTS = YES;
				CLANG_WARN_EMPTY_BODY = YES;
				CLANG_WARN_ENUM_CONVERSION = YES;
				CLANG_WARN_INFINITE_RECURSION = YES;
				CLANG_WARN_INT_CONVERSION = YES;
				CLANG_WARN_NON_LITERAL_NULL_CONVERSION = YES;
				CLANG_WARN_OBJC_IMPLICIT_RETAIN_SELF = YES;
				CLANG_WARN_OBJC_LITERAL_CONVERSION = YES;
				CLANG_WARN_OBJC_ROOT_CLASS = YES_ERROR;
				CLANG_WARN_QUOTED_INCLUDE_IN_FRAMEWORK_HEADER = YES;
				CLANG_WARN_RANGE_LOOP_ANALYSIS = YES;
				CLANG_WARN_STRICT_PROTOTYPES = YES;
				CLANG_WARN_SUSPICIOUS_MOVE = YES;
				CLANG_WARN_UNGUARDED_AVAILABILITY = YES_AGGRESSIVE;
				CLANG_WARN_UNREACHABLE_CODE = YES;
				CLANG_WARN__DUPLICATE_METHOD_MATCH = YES;
				COPY_PHASE_STRIP = NO;
				DEBUG_INFORMATION_FORMAT = dwarf;
				ENABLE_STRICT_OBJC_MSGSEND = YES;
				ENABLE_TESTABILITY = YES;
				GCC_C_LANGUAGE_STANDARD = gnu11;
				GCC_DYNAMIC_NO_PIC = NO;
				GCC_NO_COMMON_BLOCKS = YES;
				GCC_OPTIMIZATION_LEVEL = 0;
				GCC_PREPROCESSOR_DEFINITIONS = (
					"DEBUG=1",
					"$(inherited)",
				);
				GCC_WARN_64_TO_32_BIT_CONVERSION = YES;
				GCC_WARN_ABOUT_RETURN_TYPE = YES_ERROR;
				GCC_WARN_UNDECLARED_SELECTOR = YES;
				GCC_WARN_UNINITIALIZED_AUTOS = YES_AGGRESSIVE;
				GCC_WARN_UNUSED_FUNCTION = YES;
				GCC_WARN_UNUSED_VARIABLE = YES;
				IPHONEOS_DEPLOYMENT_TARGET = 16.0;
				MTL_ENABLE_DEBUG_INFO = INCLUDE_SOURCE;
				MTL_FAST_MATH = YES;
				ONLY_ACTIVE_ARCH = YES;
				SDKROOT = iphoneos;
				SWIFT_ACTIVE_COMPILATION_CONDITIONS = DEBUG;
				SWIFT_OPTIMIZATION_LEVEL = "-Onone";
			};
			name = Debug;
		};
		3AA4D43128FEBADF006C718A /* Release */ = {
			isa = XCBuildConfiguration;
			buildSettings = {
				ALWAYS_SEARCH_USER_PATHS = NO;
				CLANG_ANALYZER_NONNULL = YES;
				CLANG_ANALYZER_NUMBER_OBJECT_CONVERSION = YES_AGGRESSIVE;
				CLANG_CXX_LANGUAGE_STANDARD = "gnu++20";
				CLANG_ENABLE_MODULES = YES;
				CLANG_ENABLE_OBJC_ARC = YES;
				CLANG_ENABLE_OBJC_WEAK = YES;
				CLANG_WARN_BLOCK_CAPTURE_AUTORELEASING = YES;
				CLANG_WARN_BOOL_CONVERSION = YES;
				CLANG_WARN_COMMA = YES;
				CLANG_WARN_CONSTANT_CONVERSION = YES;
				CLANG_WARN_DEPRECATED_OBJC_IMPLEMENTATIONS = YES;
				CLANG_WARN_DIRECT_OBJC_ISA_USAGE = YES_ERROR;
				CLANG_WARN_DOCUMENTATION_COMMENTS = YES;
				CLANG_WARN_EMPTY_BODY = YES;
				CLANG_WARN_ENUM_CONVERSION = YES;
				CLANG_WARN_INFINITE_RECURSION = YES;
				CLANG_WARN_INT_CONVERSION = YES;
				CLANG_WARN_NON_LITERAL_NULL_CONVERSION = YES;
				CLANG_WARN_OBJC_IMPLICIT_RETAIN_SELF = YES;
				CLANG_WARN_OBJC_LITERAL_CONVERSION = YES;
				CLANG_WARN_OBJC_ROOT_CLASS = YES_ERROR;
				CLANG_WARN_QUOTED_INCLUDE_IN_FRAMEWORK_HEADER = YES;
				CLANG_WARN_RANGE_LOOP_ANALYSIS = YES;
				CLANG_WARN_STRICT_PROTOTYPES = YES;
				CLANG_WARN_SUSPICIOUS_MOVE = YES;
				CLANG_WARN_UNGUARDED_AVAILABILITY = YES_AGGRESSIVE;
				CLANG_WARN_UNREACHABLE_CODE = YES;
				CLANG_WARN__DUPLICATE_METHOD_MATCH = YES;
				COPY_PHASE_STRIP = NO;
				DEBUG_INFORMATION_FORMAT = "dwarf-with-dsym";
				ENABLE_NS_ASSERTIONS = NO;
				ENABLE_STRICT_OBJC_MSGSEND = YES;
				GCC_C_LANGUAGE_STANDARD = gnu11;
				GCC_NO_COMMON_BLOCKS = YES;
				GCC_WARN_64_TO_32_BIT_CONVERSION = YES;
				GCC_WARN_ABOUT_RETURN_TYPE = YES_ERROR;
				GCC_WARN_UNDECLARED_SELECTOR = YES;
				GCC_WARN_UNINITIALIZED_AUTOS = YES_AGGRESSIVE;
				GCC_WARN_UNUSED_FUNCTION = YES;
				GCC_WARN_UNUSED_VARIABLE = YES;
				IPHONEOS_DEPLOYMENT_TARGET = 16.0;
				MTL_ENABLE_DEBUG_INFO = NO;
				MTL_FAST_MATH = YES;
				SDKROOT = iphoneos;
				SWIFT_COMPILATION_MODE = wholemodule;
				SWIFT_OPTIMIZATION_LEVEL = "-O";
				VALIDATE_PRODUCT = YES;
			};
			name = Release;
		};
		3AA4D43328FEBADF006C718A /* Debug */ = {
			isa = XCBuildConfiguration;
			buildSettings = {
				ASSETCATALOG_COMPILER_APPICON_NAME = AppIcon;
				ASSETCATALOG_COMPILER_GLOBAL_ACCENT_COLOR_NAME = AccentColor;
				CODE_SIGN_STYLE = Automatic;
				CURRENT_PROJECT_VERSION = 1;
				DEVELOPMENT_TEAM = "";
				GENERATE_INFOPLIST_FILE = YES;
				INFOPLIST_FILE = OrrRock/Info.plist;
				INFOPLIST_KEY_UIApplicationSupportsIndirectInputEvents = YES;
				INFOPLIST_KEY_UILaunchStoryboardName = LaunchScreen;
				INFOPLIST_KEY_UISupportedInterfaceOrientations_iPad = "UIInterfaceOrientationPortrait UIInterfaceOrientationPortraitUpsideDown UIInterfaceOrientationLandscapeLeft UIInterfaceOrientationLandscapeRight";
				INFOPLIST_KEY_UISupportedInterfaceOrientations_iPhone = "UIInterfaceOrientationPortrait UIInterfaceOrientationLandscapeLeft UIInterfaceOrientationLandscapeRight";
				LD_RUNPATH_SEARCH_PATHS = (
					"$(inherited)",
					"@executable_path/Frameworks",
				);
				MARKETING_VERSION = 1.0;
				PRODUCT_BUNDLE_IDENTIFIER = com.jhHwang.OrrRock;
				PRODUCT_NAME = "$(TARGET_NAME)";
				SWIFT_EMIT_LOC_STRINGS = YES;
				SWIFT_VERSION = 5.0;
				TARGETED_DEVICE_FAMILY = "1,2";
			};
			name = Debug;
		};
		3AA4D43428FEBADF006C718A /* Release */ = {
			isa = XCBuildConfiguration;
			buildSettings = {
				ASSETCATALOG_COMPILER_APPICON_NAME = AppIcon;
				ASSETCATALOG_COMPILER_GLOBAL_ACCENT_COLOR_NAME = AccentColor;
				CODE_SIGN_STYLE = Automatic;
				CURRENT_PROJECT_VERSION = 1;
				DEVELOPMENT_TEAM = "";
				GENERATE_INFOPLIST_FILE = YES;
				INFOPLIST_FILE = OrrRock/Info.plist;
				INFOPLIST_KEY_UIApplicationSupportsIndirectInputEvents = YES;
				INFOPLIST_KEY_UILaunchStoryboardName = LaunchScreen;
				INFOPLIST_KEY_UISupportedInterfaceOrientations_iPad = "UIInterfaceOrientationPortrait UIInterfaceOrientationPortraitUpsideDown UIInterfaceOrientationLandscapeLeft UIInterfaceOrientationLandscapeRight";
				INFOPLIST_KEY_UISupportedInterfaceOrientations_iPhone = "UIInterfaceOrientationPortrait UIInterfaceOrientationLandscapeLeft UIInterfaceOrientationLandscapeRight";
				LD_RUNPATH_SEARCH_PATHS = (
					"$(inherited)",
					"@executable_path/Frameworks",
				);
				MARKETING_VERSION = 1.0;
				PRODUCT_BUNDLE_IDENTIFIER = com.jhHwang.OrrRock;
				PRODUCT_NAME = "$(TARGET_NAME)";
				SWIFT_EMIT_LOC_STRINGS = YES;
				SWIFT_VERSION = 5.0;
				TARGETED_DEVICE_FAMILY = "1,2";
			};
			name = Release;
		};
/* End XCBuildConfiguration section */

/* Begin XCConfigurationList section */
		3AA4D41628FEBADE006C718A /* Build configuration list for PBXProject "OrrRock" */ = {
			isa = XCConfigurationList;
			buildConfigurations = (
				3AA4D43028FEBADF006C718A /* Debug */,
				3AA4D43128FEBADF006C718A /* Release */,
			);
			defaultConfigurationIsVisible = 0;
			defaultConfigurationName = Release;
		};
		3AA4D43228FEBADF006C718A /* Build configuration list for PBXNativeTarget "OrrRock" */ = {
			isa = XCConfigurationList;
			buildConfigurations = (
				3AA4D43328FEBADF006C718A /* Debug */,
				3AA4D43428FEBADF006C718A /* Release */,
			);
			defaultConfigurationIsVisible = 0;
			defaultConfigurationName = Release;
		};
/* End XCConfigurationList section */

/* Begin XCRemoteSwiftPackageReference section */
		3AA4D43528FEBE94006C718A /* XCRemoteSwiftPackageReference "SnapKit" */ = {
			isa = XCRemoteSwiftPackageReference;
			repositoryURL = "https://github.com/SnapKit/SnapKit";
			requirement = {
				branch = develop;
				kind = branch;
			};
		};
		707B2CAC28FFF7090062C958 /* XCRemoteSwiftPackageReference "NVActivityIndicatorView" */ = {
			isa = XCRemoteSwiftPackageReference;
			repositoryURL = "https://github.com/ninjaprox/NVActivityIndicatorView";
			requirement = {
				branch = master;
				kind = branch;
			};
		};
/* End XCRemoteSwiftPackageReference section */

/* Begin XCSwiftPackageProductDependency section */
		3AA4D43628FEBE94006C718A /* SnapKit */ = {
			isa = XCSwiftPackageProductDependency;
			package = 3AA4D43528FEBE94006C718A /* XCRemoteSwiftPackageReference "SnapKit" */;
			productName = SnapKit;
		};
		707B2CAD28FFF7090062C958 /* NVActivityIndicatorView */ = {
			isa = XCSwiftPackageProductDependency;
			package = 707B2CAC28FFF7090062C958 /* XCRemoteSwiftPackageReference "NVActivityIndicatorView" */;
			productName = NVActivityIndicatorView;
		};
/* End XCSwiftPackageProductDependency section */

/* Begin XCVersionGroup section */
		3AA4D42728FEBADE006C718A /* OrrRock.xcdatamodeld */ = {
			isa = XCVersionGroup;
			children = (
				3AA4D42828FEBADE006C718A /* OrrRock.xcdatamodel */,
			);
			currentVersion = 3AA4D42828FEBADE006C718A /* OrrRock.xcdatamodel */;
			path = OrrRock.xcdatamodeld;
			sourceTree = "<group>";
			versionGroupType = wrapper.xcdatamodel;
		};
/* End XCVersionGroup section */
	};
	rootObject = 3AA4D41328FEBADE006C718A /* Project object */;
}
