// !$*UTF8*$!
{
	archiveVersion = 1;
	classes = {
	};
	objectVersion = 56;
	objects = {

/* Begin PBXBuildFile section */
		0A0B41072907C59600057FA7 /* SwipeableCardViewController.swift in Sources */ = {isa = PBXBuildFile; fileRef = 0A0B41062907C59600057FA7 /* SwipeableCardViewController.swift */; };
		0A0B410B2907C64900057FA7 /* DummyVideoModel.swift in Sources */ = {isa = PBXBuildFile; fileRef = 0A0B410A2907C64900057FA7 /* DummyVideoModel.swift */; };
		0A0B410D2907C79200057FA7 /* VideoResultType.swift in Sources */ = {isa = PBXBuildFile; fileRef = 0A0B410C2907C79200057FA7 /* VideoResultType.swift */; };
		0A0B410F2907C84B00057FA7 /* ledIsComming.MOV in Resources */ = {isa = PBXBuildFile; fileRef = 0A0B410E2907C84B00057FA7 /* ledIsComming.MOV */; };
		0AAB780A290424A300EEEFFB /* SwipeableCardVideoView.swift in Sources */ = {isa = PBXBuildFile; fileRef = 0AAB7809290424A300EEEFFB /* SwipeableCardVideoView.swift */; };
		0AAB780C2904251D00EEEFFB /* ianIsComming.MOV in Resources */ = {isa = PBXBuildFile; fileRef = 0AAB780B2904251C00EEEFFB /* ianIsComming.MOV */; };
		342508A329001780000653D9 /* HomeViewController.swift in Sources */ = {isa = PBXBuildFile; fileRef = 342508A229001780000653D9 /* HomeViewController.swift */; };
		342508A52900196B000653D9 /* HomeViewController+CollectionViewExtensions.swift in Sources */ = {isa = PBXBuildFile; fileRef = 342508A42900196B000653D9 /* HomeViewController+CollectionViewExtensions.swift */; };
		342508A729001BBC000653D9 /* HomeCollectionViewCardCell.swift in Sources */ = {isa = PBXBuildFile; fileRef = 342508A629001BBC000653D9 /* HomeCollectionViewCardCell.swift */; };
		342508A929001C2E000653D9 /* HomeCollectionViewCardCell+CollectionViewExtensions.swift in Sources */ = {isa = PBXBuildFile; fileRef = 342508A829001C2E000653D9 /* HomeCollectionViewCardCell+CollectionViewExtensions.swift */; };
		342508AB29001CF8000653D9 /* HomeCardCollectionViewThumbnailCell.swift in Sources */ = {isa = PBXBuildFile; fileRef = 342508AA29001CF8000653D9 /* HomeCardCollectionViewThumbnailCell.swift */; };
		342508AF29002F31000653D9 /* HomeCollectionViewHeaderCell.swift in Sources */ = {isa = PBXBuildFile; fileRef = 342508AE29002F31000653D9 /* HomeCollectionViewHeaderCell.swift */; };
		342699232902E8480054D34C /* VideoFilterEnum.swift in Sources */ = {isa = PBXBuildFile; fileRef = 342699222902E8480054D34C /* VideoFilterEnum.swift */; };
		342C456E290125260037D9E7 /* HomeCollectionViewListCell.swift in Sources */ = {isa = PBXBuildFile; fileRef = 342C456D290125260037D9E7 /* HomeCollectionViewListCell.swift */; };
		342C457029018D5C0037D9E7 /* HomeCollectionViewFooterCell.swift in Sources */ = {isa = PBXBuildFile; fileRef = 342C456F29018D5C0037D9E7 /* HomeCollectionViewFooterCell.swift */; };
		34B0113D290015830043951A /* View in Resources */ = {isa = PBXBuildFile; fileRef = 34B0113C290015830043951A /* View */; };
		34B011402900158D0043951A /* ViewController in Resources */ = {isa = PBXBuildFile; fileRef = 34B0113F2900158D0043951A /* ViewController */; };
		34B01143290015950043951A /* Extension in Resources */ = {isa = PBXBuildFile; fileRef = 34B01142290015950043951A /* Extension */; };
		34B011462900159F0043951A /* Resource in Resources */ = {isa = PBXBuildFile; fileRef = 34B011452900159F0043951A /* Resource */; };
		34B01149290015A60043951A /* Model in Resources */ = {isa = PBXBuildFile; fileRef = 34B01148290015A60043951A /* Model */; };
		3A15AC7729071DD90058512F /* OrderOption.swift in Sources */ = {isa = PBXBuildFile; fileRef = 3A15AC7629071DD90058512F /* OrderOption.swift */; };
		3A15AC7929071F710058512F /* DataRepository.swift in Sources */ = {isa = PBXBuildFile; fileRef = 3A15AC7829071F710058512F /* DataRepository.swift */; };
		3A15AC7B290724620058512F /* DataManager.swift in Sources */ = {isa = PBXBuildFile; fileRef = 3A15AC7A290724620058512F /* DataManager.swift */; };
		3A15AC7D2907258A0058512F /* SectionData.swift in Sources */ = {isa = PBXBuildFile; fileRef = 3A15AC7C2907258A0058512F /* SectionData.swift */; };
		3A15AC7F2907262C0058512F /* VideoCollectionView+DataSorting.swift in Sources */ = {isa = PBXBuildFile; fileRef = 3A15AC7E2907262C0058512F /* VideoCollectionView+DataSorting.swift */; };
		3A15AC8129072D280058512F /* CRUDTestViewController.swift in Sources */ = {isa = PBXBuildFile; fileRef = 3A15AC8029072D280058512F /* CRUDTestViewController.swift */; };
		3A15AC8329072DD80058512F /* CRUDTestViewController+.swift in Sources */ = {isa = PBXBuildFile; fileRef = 3A15AC8229072DD80058512F /* CRUDTestViewController+.swift */; };
		3A15AC8529072F940058512F /* RandomDataGenerator.swift in Sources */ = {isa = PBXBuildFile; fileRef = 3A15AC8429072F940058512F /* RandomDataGenerator.swift */; };
		3A15AC882907B1160058512F /* VideoInformation+CoreDataClass.swift in Sources */ = {isa = PBXBuildFile; fileRef = 3A15AC862907B1160058512F /* VideoInformation+CoreDataClass.swift */; };
		3A15AC892907B1160058512F /* VideoInformation+CoreDataProperties.swift in Sources */ = {isa = PBXBuildFile; fileRef = 3A15AC872907B1160058512F /* VideoInformation+CoreDataProperties.swift */; };
		3A2880E929033C0D00FBFB70 /* SortOption.swift in Sources */ = {isa = PBXBuildFile; fileRef = 3A2880E829033C0D00FBFB70 /* SortOption.swift */; };
		3A2880EB29033C2500FBFB70 /* FilterOption.swift in Sources */ = {isa = PBXBuildFile; fileRef = 3A2880EA29033C2500FBFB70 /* FilterOption.swift */; };
		3A2880FB2904290E00FBFB70 /* SortTestViewController.swift in Sources */ = {isa = PBXBuildFile; fileRef = 3A2880FA2904290E00FBFB70 /* SortTestViewController.swift */; };
		3A2880FE29042A0600FBFB70 /* Date+RandomDate.swift in Sources */ = {isa = PBXBuildFile; fileRef = 3A2880FD29042A0600FBFB70 /* Date+RandomDate.swift */; };
		3A70C3C62901435200BE11B5 /* VideoInfo.swift in Sources */ = {isa = PBXBuildFile; fileRef = 3A70C3C52901435200BE11B5 /* VideoInfo.swift */; };
		3A70C3CF2901CB9600BE11B5 /* CoreDataDAO.swift in Sources */ = {isa = PBXBuildFile; fileRef = 3A70C3CE2901CB9600BE11B5 /* CoreDataDAO.swift */; };
		3AA4D41F28FEBADE006C718A /* AppDelegate.swift in Sources */ = {isa = PBXBuildFile; fileRef = 3AA4D41E28FEBADE006C718A /* AppDelegate.swift */; };
		3AA4D42128FEBADE006C718A /* SceneDelegate.swift in Sources */ = {isa = PBXBuildFile; fileRef = 3AA4D42028FEBADE006C718A /* SceneDelegate.swift */; };
		3AA4D42328FEBADE006C718A /* MainViewController.swift in Sources */ = {isa = PBXBuildFile; fileRef = 3AA4D42228FEBADE006C718A /* MainViewController.swift */; };
		3AA4D42928FEBADE006C718A /* OrrRock.xcdatamodeld in Sources */ = {isa = PBXBuildFile; fileRef = 3AA4D42728FEBADE006C718A /* OrrRock.xcdatamodeld */; };
		3AA4D42B28FEBADF006C718A /* Assets.xcassets in Resources */ = {isa = PBXBuildFile; fileRef = 3AA4D42A28FEBADF006C718A /* Assets.xcassets */; };
		3AA4D42E28FEBADF006C718A /* LaunchScreen.storyboard in Resources */ = {isa = PBXBuildFile; fileRef = 3AA4D42C28FEBADF006C718A /* LaunchScreen.storyboard */; };
		3AA4D43728FEBE94006C718A /* SnapKit in Frameworks */ = {isa = PBXBuildFile; productRef = 3AA4D43628FEBE94006C718A /* SnapKit */; };
		707B2CAE28FFF7090062C958 /* NVActivityIndicatorView in Frameworks */ = {isa = PBXBuildFile; productRef = 707B2CAD28FFF7090062C958 /* NVActivityIndicatorView */; };
		707B2CB528FFFEFF0062C958 /* UpoadTestNextViewController.swift in Sources */ = {isa = PBXBuildFile; fileRef = 707B2CB428FFFEFF0062C958 /* UpoadTestNextViewController.swift */; };
		707B2CB829012BFE0062C958 /* Color+.swift in Sources */ = {isa = PBXBuildFile; fileRef = 707B2CB729012BFE0062C958 /* Color+.swift */; };
		707B2CBA2901382A0062C958 /* Padding+.swift in Sources */ = {isa = PBXBuildFile; fileRef = 707B2CB92901382A0062C958 /* Padding+.swift */; };
		709A8C6B2904827B00CEA6F4 /* UnderlinedTextField.swift in Sources */ = {isa = PBXBuildFile; fileRef = 709A8C6A2904827B00CEA6F4 /* UnderlinedTextField.swift */; };
		709A8C6D2904A3E800CEA6F4 /* CustomIndicator.swift in Sources */ = {isa = PBXBuildFile; fileRef = 709A8C6C2904A3E800CEA6F4 /* CustomIndicator.swift */; };
		70A44805290440E600BE18A5 /* DateSettingViewController.swift in Sources */ = {isa = PBXBuildFile; fileRef = 70A44804290440E600BE18A5 /* DateSettingViewController.swift */; };
		70A44807290452B000BE18A5 /* Button+.swift in Sources */ = {isa = PBXBuildFile; fileRef = 70A44806290452B000BE18A5 /* Button+.swift */; };
		70A44809290464BD00BE18A5 /* GymSettingViewController.swift in Sources */ = {isa = PBXBuildFile; fileRef = 70A44808290464BD00BE18A5 /* GymSettingViewController.swift */; };
		78A0354C290131E100FF1913 /* VideoCollectionViewController.swift in Sources */ = {isa = PBXBuildFile; fileRef = 78A0354B290131E100FF1913 /* VideoCollectionViewController.swift */; };
		78A03550290132D300FF1913 /* VideoCollectionViewCustomCell.swift in Sources */ = {isa = PBXBuildFile; fileRef = 78A0354F290132D300FF1913 /* VideoCollectionViewCustomCell.swift */; };
		78CAA0662901F7A9003C3D77 /* BasePaddingLabel.swift in Sources */ = {isa = PBXBuildFile; fileRef = 78CAA0652901F7A9003C3D77 /* BasePaddingLabel.swift */; };
		78CAA0682901FF0F003C3D77 /* VideoCollectionView+VideoCollectionViewExtensions.swift in Sources */ = {isa = PBXBuildFile; fileRef = 78CAA0672901FF0F003C3D77 /* VideoCollectionView+VideoCollectionViewExtensions.swift */; };
		78CAA06A290271C9003C3D77 /* VideoCollectionViewHeaderCell.swift in Sources */ = {isa = PBXBuildFile; fileRef = 78CAA069290271C9003C3D77 /* VideoCollectionViewHeaderCell.swift */; };
		78CAA06C290271E7003C3D77 /* VIdeoCollectionFooterCell.swift in Sources */ = {isa = PBXBuildFile; fileRef = 78CAA06B290271E7003C3D77 /* VIdeoCollectionFooterCell.swift */; };
		78F93ED32906EFC500F3D9F3 /* DateAndGymEditViewController.swift in Sources */ = {isa = PBXBuildFile; fileRef = 78F93ED22906EFC500F3D9F3 /* DateAndGymEditViewController.swift */; };
		78F93ED7290743DF00F3D9F3 /* LevelAndPFEditViewController.swift in Sources */ = {isa = PBXBuildFile; fileRef = 78F93ED6290743DF00F3D9F3 /* LevelAndPFEditViewController.swift */; };
		78F93EDA2908D00F00F3D9F3 /* OnBoardingViewController.swift in Sources */ = {isa = PBXBuildFile; fileRef = 78F93ED92908D00F00F3D9F3 /* OnBoardingViewController.swift */; };
		A88805852907F5A0002CD52E /* LevelPickerView.swift in Sources */ = {isa = PBXBuildFile; fileRef = A88805842907F5A0002CD52E /* LevelPickerView.swift */; };
		FB3227FC2903FD9C00276A7D /* Date+.swift in Sources */ = {isa = PBXBuildFile; fileRef = FB3227FB2903FD9C00276A7D /* Date+.swift */; };
		FB3227FE2903FDA600276A7D /* String+.swift in Sources */ = {isa = PBXBuildFile; fileRef = FB3227FD2903FDA600276A7D /* String+.swift */; };
		FB32280F29046B4500276A7D /* VideoDetailViewController.swift in Sources */ = {isa = PBXBuildFile; fileRef = FB32280E29046B4500276A7D /* VideoDetailViewController.swift */; };
		FB32281329046CDE00276A7D /* VideoPlayView.swift in Sources */ = {isa = PBXBuildFile; fileRef = FB32281229046CDE00276A7D /* VideoPlayView.swift */; };
		FB32281529046CED00276A7D /* VideoInfoView.swift in Sources */ = {isa = PBXBuildFile; fileRef = FB32281429046CED00276A7D /* VideoInfoView.swift */; };
/* End PBXBuildFile section */

/* Begin PBXFileReference section */
		0A0B41062907C59600057FA7 /* SwipeableCardViewController.swift */ = {isa = PBXFileReference; lastKnownFileType = sourcecode.swift; path = SwipeableCardViewController.swift; sourceTree = "<group>"; };
		0A0B410A2907C64900057FA7 /* DummyVideoModel.swift */ = {isa = PBXFileReference; lastKnownFileType = sourcecode.swift; path = DummyVideoModel.swift; sourceTree = "<group>"; };
		0A0B410C2907C79200057FA7 /* VideoResultType.swift */ = {isa = PBXFileReference; lastKnownFileType = sourcecode.swift; path = VideoResultType.swift; sourceTree = "<group>"; };
		0A0B410E2907C84B00057FA7 /* ledIsComming.MOV */ = {isa = PBXFileReference; lastKnownFileType = video.quicktime; path = ledIsComming.MOV; sourceTree = "<group>"; };
		0AAB7809290424A300EEEFFB /* SwipeableCardVideoView.swift */ = {isa = PBXFileReference; lastKnownFileType = sourcecode.swift; path = SwipeableCardVideoView.swift; sourceTree = "<group>"; };
		0AAB780B2904251C00EEEFFB /* ianIsComming.MOV */ = {isa = PBXFileReference; lastKnownFileType = video.quicktime; path = ianIsComming.MOV; sourceTree = "<group>"; };
		342508A229001780000653D9 /* HomeViewController.swift */ = {isa = PBXFileReference; lastKnownFileType = sourcecode.swift; path = HomeViewController.swift; sourceTree = "<group>"; };
		342508A42900196B000653D9 /* HomeViewController+CollectionViewExtensions.swift */ = {isa = PBXFileReference; lastKnownFileType = sourcecode.swift; path = "HomeViewController+CollectionViewExtensions.swift"; sourceTree = "<group>"; };
		342508A629001BBC000653D9 /* HomeCollectionViewCardCell.swift */ = {isa = PBXFileReference; lastKnownFileType = sourcecode.swift; path = HomeCollectionViewCardCell.swift; sourceTree = "<group>"; };
		342508A829001C2E000653D9 /* HomeCollectionViewCardCell+CollectionViewExtensions.swift */ = {isa = PBXFileReference; lastKnownFileType = sourcecode.swift; path = "HomeCollectionViewCardCell+CollectionViewExtensions.swift"; sourceTree = "<group>"; };
		342508AA29001CF8000653D9 /* HomeCardCollectionViewThumbnailCell.swift */ = {isa = PBXFileReference; lastKnownFileType = sourcecode.swift; path = HomeCardCollectionViewThumbnailCell.swift; sourceTree = "<group>"; };
		342508AE29002F31000653D9 /* HomeCollectionViewHeaderCell.swift */ = {isa = PBXFileReference; lastKnownFileType = sourcecode.swift; path = HomeCollectionViewHeaderCell.swift; sourceTree = "<group>"; };
		342699222902E8480054D34C /* VideoFilterEnum.swift */ = {isa = PBXFileReference; lastKnownFileType = sourcecode.swift; path = VideoFilterEnum.swift; sourceTree = "<group>"; };
		342C456D290125260037D9E7 /* HomeCollectionViewListCell.swift */ = {isa = PBXFileReference; lastKnownFileType = sourcecode.swift; path = HomeCollectionViewListCell.swift; sourceTree = "<group>"; };
		342C456F29018D5C0037D9E7 /* HomeCollectionViewFooterCell.swift */ = {isa = PBXFileReference; lastKnownFileType = sourcecode.swift; path = HomeCollectionViewFooterCell.swift; sourceTree = "<group>"; };
		34B0113C290015830043951A /* View */ = {isa = PBXFileReference; lastKnownFileType = text; path = View; sourceTree = "<group>"; };
		34B0113F2900158D0043951A /* ViewController */ = {isa = PBXFileReference; lastKnownFileType = text; path = ViewController; sourceTree = "<group>"; };
		34B01142290015950043951A /* Extension */ = {isa = PBXFileReference; lastKnownFileType = text; path = Extension; sourceTree = "<group>"; };
		34B011452900159F0043951A /* Resource */ = {isa = PBXFileReference; lastKnownFileType = text; path = Resource; sourceTree = "<group>"; };
		34B01148290015A60043951A /* Model */ = {isa = PBXFileReference; lastKnownFileType = text; path = Model; sourceTree = "<group>"; };
		3A15AC7629071DD90058512F /* OrderOption.swift */ = {isa = PBXFileReference; lastKnownFileType = sourcecode.swift; path = OrderOption.swift; sourceTree = "<group>"; };
		3A15AC7829071F710058512F /* DataRepository.swift */ = {isa = PBXFileReference; lastKnownFileType = sourcecode.swift; path = DataRepository.swift; sourceTree = "<group>"; };
		3A15AC7A290724620058512F /* DataManager.swift */ = {isa = PBXFileReference; lastKnownFileType = sourcecode.swift; path = DataManager.swift; sourceTree = "<group>"; };
		3A15AC7C2907258A0058512F /* SectionData.swift */ = {isa = PBXFileReference; lastKnownFileType = sourcecode.swift; path = SectionData.swift; sourceTree = "<group>"; };
		3A15AC7E2907262C0058512F /* VideoCollectionView+DataSorting.swift */ = {isa = PBXFileReference; lastKnownFileType = sourcecode.swift; path = "VideoCollectionView+DataSorting.swift"; sourceTree = "<group>"; };
		3A15AC8029072D280058512F /* CRUDTestViewController.swift */ = {isa = PBXFileReference; lastKnownFileType = sourcecode.swift; path = CRUDTestViewController.swift; sourceTree = "<group>"; };
		3A15AC8229072DD80058512F /* CRUDTestViewController+.swift */ = {isa = PBXFileReference; lastKnownFileType = sourcecode.swift; path = "CRUDTestViewController+.swift"; sourceTree = "<group>"; };
		3A15AC8429072F940058512F /* RandomDataGenerator.swift */ = {isa = PBXFileReference; lastKnownFileType = sourcecode.swift; path = RandomDataGenerator.swift; sourceTree = "<group>"; };
		3A15AC862907B1160058512F /* VideoInformation+CoreDataClass.swift */ = {isa = PBXFileReference; lastKnownFileType = sourcecode.swift; path = "VideoInformation+CoreDataClass.swift"; sourceTree = "<group>"; };
		3A15AC872907B1160058512F /* VideoInformation+CoreDataProperties.swift */ = {isa = PBXFileReference; lastKnownFileType = sourcecode.swift; path = "VideoInformation+CoreDataProperties.swift"; sourceTree = "<group>"; };
		3A2880E829033C0D00FBFB70 /* SortOption.swift */ = {isa = PBXFileReference; lastKnownFileType = sourcecode.swift; path = SortOption.swift; sourceTree = "<group>"; };
		3A2880EA29033C2500FBFB70 /* FilterOption.swift */ = {isa = PBXFileReference; lastKnownFileType = sourcecode.swift; path = FilterOption.swift; sourceTree = "<group>"; };
		3A2880FA2904290E00FBFB70 /* SortTestViewController.swift */ = {isa = PBXFileReference; lastKnownFileType = sourcecode.swift; path = SortTestViewController.swift; sourceTree = "<group>"; };
		3A2880FD29042A0600FBFB70 /* Date+RandomDate.swift */ = {isa = PBXFileReference; lastKnownFileType = sourcecode.swift; path = "Date+RandomDate.swift"; sourceTree = "<group>"; };
		3A70C3C52901435200BE11B5 /* VideoInfo.swift */ = {isa = PBXFileReference; lastKnownFileType = sourcecode.swift; path = VideoInfo.swift; sourceTree = "<group>"; };
		3A70C3CE2901CB9600BE11B5 /* CoreDataDAO.swift */ = {isa = PBXFileReference; lastKnownFileType = sourcecode.swift; path = CoreDataDAO.swift; sourceTree = "<group>"; };
		3AA4D41B28FEBADE006C718A /* OrrRock.app */ = {isa = PBXFileReference; explicitFileType = wrapper.application; includeInIndex = 0; path = OrrRock.app; sourceTree = BUILT_PRODUCTS_DIR; };
		3AA4D41E28FEBADE006C718A /* AppDelegate.swift */ = {isa = PBXFileReference; lastKnownFileType = sourcecode.swift; path = AppDelegate.swift; sourceTree = "<group>"; };
		3AA4D42028FEBADE006C718A /* SceneDelegate.swift */ = {isa = PBXFileReference; lastKnownFileType = sourcecode.swift; path = SceneDelegate.swift; sourceTree = "<group>"; };
		3AA4D42228FEBADE006C718A /* MainViewController.swift */ = {isa = PBXFileReference; lastKnownFileType = sourcecode.swift; path = MainViewController.swift; sourceTree = "<group>"; };
		3AA4D42828FEBADE006C718A /* OrrRock.xcdatamodel */ = {isa = PBXFileReference; lastKnownFileType = wrapper.xcdatamodel; path = OrrRock.xcdatamodel; sourceTree = "<group>"; };
		3AA4D42A28FEBADF006C718A /* Assets.xcassets */ = {isa = PBXFileReference; lastKnownFileType = folder.assetcatalog; path = Assets.xcassets; sourceTree = "<group>"; };
		3AA4D42D28FEBADF006C718A /* Base */ = {isa = PBXFileReference; lastKnownFileType = file.storyboard; name = Base; path = Base.lproj/LaunchScreen.storyboard; sourceTree = "<group>"; };
		3AA4D42F28FEBADF006C718A /* Info.plist */ = {isa = PBXFileReference; lastKnownFileType = text.plist.xml; path = Info.plist; sourceTree = "<group>"; };
		707B2CB428FFFEFF0062C958 /* UpoadTestNextViewController.swift */ = {isa = PBXFileReference; lastKnownFileType = sourcecode.swift; path = UpoadTestNextViewController.swift; sourceTree = "<group>"; };
		707B2CB729012BFE0062C958 /* Color+.swift */ = {isa = PBXFileReference; lastKnownFileType = sourcecode.swift; path = "Color+.swift"; sourceTree = "<group>"; };
		707B2CB92901382A0062C958 /* Padding+.swift */ = {isa = PBXFileReference; lastKnownFileType = sourcecode.swift; path = "Padding+.swift"; sourceTree = "<group>"; };
		709A8C6A2904827B00CEA6F4 /* UnderlinedTextField.swift */ = {isa = PBXFileReference; lastKnownFileType = sourcecode.swift; path = UnderlinedTextField.swift; sourceTree = "<group>"; };
		709A8C6C2904A3E800CEA6F4 /* CustomIndicator.swift */ = {isa = PBXFileReference; lastKnownFileType = sourcecode.swift; path = CustomIndicator.swift; sourceTree = "<group>"; };
		70A44804290440E600BE18A5 /* DateSettingViewController.swift */ = {isa = PBXFileReference; lastKnownFileType = sourcecode.swift; path = DateSettingViewController.swift; sourceTree = "<group>"; };
		70A44806290452B000BE18A5 /* Button+.swift */ = {isa = PBXFileReference; lastKnownFileType = sourcecode.swift; path = "Button+.swift"; sourceTree = "<group>"; };
		70A44808290464BD00BE18A5 /* GymSettingViewController.swift */ = {isa = PBXFileReference; lastKnownFileType = sourcecode.swift; path = GymSettingViewController.swift; sourceTree = "<group>"; };
		78A0354B290131E100FF1913 /* VideoCollectionViewController.swift */ = {isa = PBXFileReference; lastKnownFileType = sourcecode.swift; path = VideoCollectionViewController.swift; sourceTree = "<group>"; };
		78A0354F290132D300FF1913 /* VideoCollectionViewCustomCell.swift */ = {isa = PBXFileReference; lastKnownFileType = sourcecode.swift; path = VideoCollectionViewCustomCell.swift; sourceTree = "<group>"; };
		78CAA0652901F7A9003C3D77 /* BasePaddingLabel.swift */ = {isa = PBXFileReference; lastKnownFileType = sourcecode.swift; path = BasePaddingLabel.swift; sourceTree = "<group>"; };
		78CAA0672901FF0F003C3D77 /* VideoCollectionView+VideoCollectionViewExtensions.swift */ = {isa = PBXFileReference; lastKnownFileType = sourcecode.swift; path = "VideoCollectionView+VideoCollectionViewExtensions.swift"; sourceTree = "<group>"; };
		78CAA069290271C9003C3D77 /* VideoCollectionViewHeaderCell.swift */ = {isa = PBXFileReference; lastKnownFileType = sourcecode.swift; path = VideoCollectionViewHeaderCell.swift; sourceTree = "<group>"; };
		78CAA06B290271E7003C3D77 /* VIdeoCollectionFooterCell.swift */ = {isa = PBXFileReference; lastKnownFileType = sourcecode.swift; path = VIdeoCollectionFooterCell.swift; sourceTree = "<group>"; };
		78F93ED22906EFC500F3D9F3 /* DateAndGymEditViewController.swift */ = {isa = PBXFileReference; lastKnownFileType = sourcecode.swift; path = DateAndGymEditViewController.swift; sourceTree = "<group>"; };
		78F93ED6290743DF00F3D9F3 /* LevelAndPFEditViewController.swift */ = {isa = PBXFileReference; lastKnownFileType = sourcecode.swift; path = LevelAndPFEditViewController.swift; sourceTree = "<group>"; };
		78F93ED92908D00F00F3D9F3 /* OnBoardingViewController.swift */ = {isa = PBXFileReference; lastKnownFileType = sourcecode.swift; path = OnBoardingViewController.swift; sourceTree = "<group>"; };
		A88805842907F5A0002CD52E /* LevelPickerView.swift */ = {isa = PBXFileReference; lastKnownFileType = sourcecode.swift; path = LevelPickerView.swift; sourceTree = "<group>"; };
		FB3227FB2903FD9C00276A7D /* Date+.swift */ = {isa = PBXFileReference; lastKnownFileType = sourcecode.swift; path = "Date+.swift"; sourceTree = "<group>"; };
		FB3227FD2903FDA600276A7D /* String+.swift */ = {isa = PBXFileReference; lastKnownFileType = sourcecode.swift; path = "String+.swift"; sourceTree = "<group>"; };
		FB32280E29046B4500276A7D /* VideoDetailViewController.swift */ = {isa = PBXFileReference; lastKnownFileType = sourcecode.swift; path = VideoDetailViewController.swift; sourceTree = "<group>"; };
		FB32281229046CDE00276A7D /* VideoPlayView.swift */ = {isa = PBXFileReference; lastKnownFileType = sourcecode.swift; path = VideoPlayView.swift; sourceTree = "<group>"; };
		FB32281429046CED00276A7D /* VideoInfoView.swift */ = {isa = PBXFileReference; lastKnownFileType = sourcecode.swift; path = VideoInfoView.swift; sourceTree = "<group>"; };
/* End PBXFileReference section */

/* Begin PBXFrameworksBuildPhase section */
		3AA4D41828FEBADE006C718A /* Frameworks */ = {
			isa = PBXFrameworksBuildPhase;
			buildActionMask = 2147483647;
			files = (
				707B2CAE28FFF7090062C958 /* NVActivityIndicatorView in Frameworks */,
				3AA4D43728FEBE94006C718A /* SnapKit in Frameworks */,
			);
			runOnlyForDeploymentPostprocessing = 0;
		};
/* End PBXFrameworksBuildPhase section */

/* Begin PBXGroup section */
		0A0B41082907C62200057FA7 /* SwipeableCardView */ = {
			isa = PBXGroup;
			children = (
				0A0B41062907C59600057FA7 /* SwipeableCardViewController.swift */,
				0AAB7809290424A300EEEFFB /* SwipeableCardVideoView.swift */,
				0A0B410C2907C79200057FA7 /* VideoResultType.swift */,
				A88805842907F5A0002CD52E /* LevelPickerView.swift */,
				0A0B41092907C63000057FA7 /* DummyData */,
			);
			path = SwipeableCardView;
			sourceTree = "<group>";
		};
		0A0B41092907C63000057FA7 /* DummyData */ = {
			isa = PBXGroup;
			children = (
				0A0B410A2907C64900057FA7 /* DummyVideoModel.swift */,
			);
			path = DummyData;
			sourceTree = "<group>";
		};
		0AAB77E0290274BE00EEEFFB /* UploadView */ = {
			isa = PBXGroup;
			children = (
				70A44804290440E600BE18A5 /* DateSettingViewController.swift */,
				70A44808290464BD00BE18A5 /* GymSettingViewController.swift */,
				0A0B41082907C62200057FA7 /* SwipeableCardView */,
			);
			path = UploadView;
			sourceTree = "<group>";
		};
		0AAB780D2904255D00EEEFFB /* TestData */ = {
			isa = PBXGroup;
			children = (
				0AAB780B2904251C00EEEFFB /* ianIsComming.MOV */,
				0A0B410E2907C84B00057FA7 /* ledIsComming.MOV */,
			);
			path = TestData;
			sourceTree = "<group>";
		};
		342C4567290066790037D9E7 /* HomeViewController */ = {
			isa = PBXGroup;
			children = (
				342508A229001780000653D9 /* HomeViewController.swift */,
				342508A42900196B000653D9 /* HomeViewController+CollectionViewExtensions.swift */,
			);
			path = HomeViewController;
			sourceTree = "<group>";
		};
		342C4568290066810037D9E7 /* HomeView */ = {
			isa = PBXGroup;
			children = (
				342508AE29002F31000653D9 /* HomeCollectionViewHeaderCell.swift */,
				342508A629001BBC000653D9 /* HomeCollectionViewCardCell.swift */,
				342508A829001C2E000653D9 /* HomeCollectionViewCardCell+CollectionViewExtensions.swift */,
				342508AA29001CF8000653D9 /* HomeCardCollectionViewThumbnailCell.swift */,
				342C456D290125260037D9E7 /* HomeCollectionViewListCell.swift */,
				342C456F29018D5C0037D9E7 /* HomeCollectionViewFooterCell.swift */,
			);
			path = HomeView;
			sourceTree = "<group>";
		};
		34B0113B290015760043951A /* Views */ = {
			isa = PBXGroup;
			children = (
				FB32281129046CBF00276A7D /* VideoDetailView */,
				0AAB77E0290274BE00EEEFFB /* UploadView */,
				78A035492901317600FF1913 /* VideoCollectionView */,
				342C4568290066810037D9E7 /* HomeView */,
				34B0113C290015830043951A /* View */,
			);
			path = Views;
			sourceTree = "<group>";
		};
		34B0113E290015860043951A /* ViewControllers */ = {
			isa = PBXGroup;
			children = (
				78F93ED82908CFDF00F3D9F3 /* OnBoardingViewController */,
				34B0113F2900158D0043951A /* ViewController */,
				3A2880F9290428C000FBFB70 /* TestViewController */,
				78A0354A2901318900FF1913 /* VideoCollectionViewController */,
				342C4567290066790037D9E7 /* HomeViewController */,
				FB32281029046B9400276A7D /* VideoDetailViewController */,
			);
			path = ViewControllers;
			sourceTree = "<group>";
		};
		34B011412900158F0043951A /* Extensions */ = {
			isa = PBXGroup;
			children = (
				3A2880FC2904298700FBFB70 /* TestExtensions */,
				34B01142290015950043951A /* Extension */,
				707B2CB729012BFE0062C958 /* Color+.swift */,
				707B2CB92901382A0062C958 /* Padding+.swift */,
				FB3227FB2903FD9C00276A7D /* Date+.swift */,
				FB3227FD2903FDA600276A7D /* String+.swift */,
				70A44806290452B000BE18A5 /* Button+.swift */,
			);
			path = Extensions;
			sourceTree = "<group>";
		};
		34B01144290015970043951A /* Resources */ = {
			isa = PBXGroup;
			children = (
				34B011452900159F0043951A /* Resource */,
			);
			path = Resources;
			sourceTree = "<group>";
		};
		34B01147290015A10043951A /* Models */ = {
			isa = PBXGroup;
			children = (
				3A08879E29012CC300EFFDBB /* CoreData */,
				34B01148290015A60043951A /* Model */,
				342699222902E8480054D34C /* VideoFilterEnum.swift */,
			);
			path = Models;
			sourceTree = "<group>";
		};
		3A08879E29012CC300EFFDBB /* CoreData */ = {
			isa = PBXGroup;
			children = (
				3A15AC862907B1160058512F /* VideoInformation+CoreDataClass.swift */,
				3A15AC872907B1160058512F /* VideoInformation+CoreDataProperties.swift */,
				3A15AC7A290724620058512F /* DataManager.swift */,
				3A70C3CE2901CB9600BE11B5 /* CoreDataDAO.swift */,
				3A15AC7829071F710058512F /* DataRepository.swift */,
				3A70C3C52901435200BE11B5 /* VideoInfo.swift */,
				3A15AC7C2907258A0058512F /* SectionData.swift */,
				3A2880E829033C0D00FBFB70 /* SortOption.swift */,
				3A2880EA29033C2500FBFB70 /* FilterOption.swift */,
				3A15AC7629071DD90058512F /* OrderOption.swift */,
				3A15AC8429072F940058512F /* RandomDataGenerator.swift */,
			);
			path = CoreData;
			sourceTree = "<group>";
		};
		3A2880F9290428C000FBFB70 /* TestViewController */ = {
			isa = PBXGroup;
			children = (
				3A2880FA2904290E00FBFB70 /* SortTestViewController.swift */,
				3A15AC8029072D280058512F /* CRUDTestViewController.swift */,
				3A15AC8229072DD80058512F /* CRUDTestViewController+.swift */,
			);
			path = TestViewController;
			sourceTree = "<group>";
		};
		3A2880FC2904298700FBFB70 /* TestExtensions */ = {
			isa = PBXGroup;
			children = (
				3A2880FD29042A0600FBFB70 /* Date+RandomDate.swift */,
			);
			path = TestExtensions;
			sourceTree = "<group>";
		};
		3AA4D41228FEBADE006C718A = {
			isa = PBXGroup;
			children = (
				3AA4D41D28FEBADE006C718A /* OrrRock */,
				3AA4D41C28FEBADE006C718A /* Products */,
			);
			sourceTree = "<group>";
		};
		3AA4D41C28FEBADE006C718A /* Products */ = {
			isa = PBXGroup;
			children = (
				3AA4D41B28FEBADE006C718A /* OrrRock.app */,
			);
			name = Products;
			sourceTree = "<group>";
		};
		3AA4D41D28FEBADE006C718A /* OrrRock */ = {
			isa = PBXGroup;
			children = (
				709A8C69290481F000CEA6F4 /* Utils */,
				0AAB780D2904255D00EEEFFB /* TestData */,
				707B2CB128FFFE6C0062C958 /* Ruyha */,
				34B01147290015A10043951A /* Models */,
				34B01144290015970043951A /* Resources */,
				34B011412900158F0043951A /* Extensions */,
				34B0113E290015860043951A /* ViewControllers */,
				34B0113B290015760043951A /* Views */,
				3AA4D41E28FEBADE006C718A /* AppDelegate.swift */,
				3AA4D42028FEBADE006C718A /* SceneDelegate.swift */,
				3AA4D42228FEBADE006C718A /* MainViewController.swift */,
				3AA4D42A28FEBADF006C718A /* Assets.xcassets */,
				3AA4D42C28FEBADF006C718A /* LaunchScreen.storyboard */,
				3AA4D42F28FEBADF006C718A /* Info.plist */,
				3AA4D42728FEBADE006C718A /* OrrRock.xcdatamodeld */,
			);
			path = OrrRock;
			sourceTree = "<group>";
		};
		707B2CB128FFFE6C0062C958 /* Ruyha */ = {
			isa = PBXGroup;
			children = (
				707B2CB428FFFEFF0062C958 /* UpoadTestNextViewController.swift */,
			);
			path = Ruyha;
			sourceTree = "<group>";
		};
		709A8C69290481F000CEA6F4 /* Utils */ = {
			isa = PBXGroup;
			children = (
				709A8C6A2904827B00CEA6F4 /* UnderlinedTextField.swift */,
				709A8C6C2904A3E800CEA6F4 /* CustomIndicator.swift */,
			);
			path = Utils;
			sourceTree = "<group>";
		};
		78A035492901317600FF1913 /* VideoCollectionView */ = {
			isa = PBXGroup;
			children = (
				78A0354F290132D300FF1913 /* VideoCollectionViewCustomCell.swift */,
				78CAA0652901F7A9003C3D77 /* BasePaddingLabel.swift */,
				78CAA069290271C9003C3D77 /* VideoCollectionViewHeaderCell.swift */,
				78CAA06B290271E7003C3D77 /* VIdeoCollectionFooterCell.swift */,
			);
			path = VideoCollectionView;
			sourceTree = "<group>";
		};
		78A0354A2901318900FF1913 /* VideoCollectionViewController */ = {
			isa = PBXGroup;
			children = (
				78A0354B290131E100FF1913 /* VideoCollectionViewController.swift */,
				78CAA0672901FF0F003C3D77 /* VideoCollectionView+VideoCollectionViewExtensions.swift */,
				3A15AC7E2907262C0058512F /* VideoCollectionView+DataSorting.swift */,
				78F93ED22906EFC500F3D9F3 /* DateAndGymEditViewController.swift */,
				78F93ED6290743DF00F3D9F3 /* LevelAndPFEditViewController.swift */,
			);
			path = VideoCollectionViewController;
			sourceTree = "<group>";
		};
		78F93ED82908CFDF00F3D9F3 /* OnBoardingViewController */ = {
			isa = PBXGroup;
			children = (
				78F93ED92908D00F00F3D9F3 /* OnBoardingViewController.swift */,
			);
			path = OnBoardingViewController;
			sourceTree = "<group>";
		};
		FB32281029046B9400276A7D /* VideoDetailViewController */ = {
			isa = PBXGroup;
			children = (
				FB32280E29046B4500276A7D /* VideoDetailViewController.swift */,
			);
			path = VideoDetailViewController;
			sourceTree = "<group>";
		};
		FB32281129046CBF00276A7D /* VideoDetailView */ = {
			isa = PBXGroup;
			children = (
				FB32281229046CDE00276A7D /* VideoPlayView.swift */,
				FB32281429046CED00276A7D /* VideoInfoView.swift */,
			);
			path = VideoDetailView;
			sourceTree = "<group>";
		};
/* End PBXGroup section */

/* Begin PBXNativeTarget section */
		3AA4D41A28FEBADE006C718A /* OrrRock */ = {
			isa = PBXNativeTarget;
			buildConfigurationList = 3AA4D43228FEBADF006C718A /* Build configuration list for PBXNativeTarget "OrrRock" */;
			buildPhases = (
				3AA4D41728FEBADE006C718A /* Sources */,
				3AA4D41828FEBADE006C718A /* Frameworks */,
				3AA4D41928FEBADE006C718A /* Resources */,
			);
			buildRules = (
			);
			dependencies = (
			);
			name = OrrRock;
			packageProductDependencies = (
				3AA4D43628FEBE94006C718A /* SnapKit */,
				707B2CAD28FFF7090062C958 /* NVActivityIndicatorView */,
			);
			productName = OrrRock;
			productReference = 3AA4D41B28FEBADE006C718A /* OrrRock.app */;
			productType = "com.apple.product-type.application";
		};
/* End PBXNativeTarget section */

/* Begin PBXProject section */
		3AA4D41328FEBADE006C718A /* Project object */ = {
			isa = PBXProject;
			attributes = {
				BuildIndependentTargetsInParallel = 1;
				LastSwiftUpdateCheck = 1400;
				LastUpgradeCheck = 1400;
				TargetAttributes = {
					3AA4D41A28FEBADE006C718A = {
						CreatedOnToolsVersion = 14.0.1;
					};
				};
			};
			buildConfigurationList = 3AA4D41628FEBADE006C718A /* Build configuration list for PBXProject "OrrRock" */;
			compatibilityVersion = "Xcode 14.0";
			developmentRegion = en;
			hasScannedForEncodings = 0;
			knownRegions = (
				en,
				Base,
			);
			mainGroup = 3AA4D41228FEBADE006C718A;
			packageReferences = (
				3AA4D43528FEBE94006C718A /* XCRemoteSwiftPackageReference "SnapKit" */,
				707B2CAC28FFF7090062C958 /* XCRemoteSwiftPackageReference "NVActivityIndicatorView" */,
			);
			productRefGroup = 3AA4D41C28FEBADE006C718A /* Products */;
			projectDirPath = "";
			projectRoot = "";
			targets = (
				3AA4D41A28FEBADE006C718A /* OrrRock */,
			);
		};
/* End PBXProject section */

/* Begin PBXResourcesBuildPhase section */
		3AA4D41928FEBADE006C718A /* Resources */ = {
			isa = PBXResourcesBuildPhase;
			buildActionMask = 2147483647;
			files = (
				34B011462900159F0043951A /* Resource in Resources */,
				3AA4D42E28FEBADF006C718A /* LaunchScreen.storyboard in Resources */,
				34B011402900158D0043951A /* ViewController in Resources */,
				3AA4D42B28FEBADF006C718A /* Assets.xcassets in Resources */,
				34B01149290015A60043951A /* Model in Resources */,
				0A0B410F2907C84B00057FA7 /* ledIsComming.MOV in Resources */,
				34B0113D290015830043951A /* View in Resources */,
				0AAB780C2904251D00EEEFFB /* ianIsComming.MOV in Resources */,
				34B01143290015950043951A /* Extension in Resources */,
			);
			runOnlyForDeploymentPostprocessing = 0;
		};
/* End PBXResourcesBuildPhase section */

/* Begin PBXSourcesBuildPhase section */
		3AA4D41728FEBADE006C718A /* Sources */ = {
			isa = PBXSourcesBuildPhase;
			buildActionMask = 2147483647;
			files = (
				707B2CB829012BFE0062C958 /* Color+.swift in Sources */,
				0AAB780A290424A300EEEFFB /* SwipeableCardVideoView.swift in Sources */,
				3A15AC7929071F710058512F /* DataRepository.swift in Sources */,
				342508AF29002F31000653D9 /* HomeCollectionViewHeaderCell.swift in Sources */,
				709A8C6D2904A3E800CEA6F4 /* CustomIndicator.swift in Sources */,
				342508A729001BBC000653D9 /* HomeCollectionViewCardCell.swift in Sources */,
				0A0B410D2907C79200057FA7 /* VideoResultType.swift in Sources */,
				70A44805290440E600BE18A5 /* DateSettingViewController.swift in Sources */,
				342C457029018D5C0037D9E7 /* HomeCollectionViewFooterCell.swift in Sources */,
				3A2880E929033C0D00FBFB70 /* SortOption.swift in Sources */,
				342C456E290125260037D9E7 /* HomeCollectionViewListCell.swift in Sources */,
				FB3227FC2903FD9C00276A7D /* Date+.swift in Sources */,
				78F93ED32906EFC500F3D9F3 /* DateAndGymEditViewController.swift in Sources */,
				3AA4D42328FEBADE006C718A /* MainViewController.swift in Sources */,
				78CAA0662901F7A9003C3D77 /* BasePaddingLabel.swift in Sources */,
				3AA4D42328FEBADE006C718A /* MainViewController.swift in Sources */,
				78A03550290132D300FF1913 /* VideoCollectionViewCustomCell.swift in Sources */,
				3A15AC892907B1160058512F /* VideoInformation+CoreDataProperties.swift in Sources */,
				3A2880FE29042A0600FBFB70 /* Date+RandomDate.swift in Sources */,
				3A15AC8329072DD80058512F /* CRUDTestViewController+.swift in Sources */,
				3A15AC7729071DD90058512F /* OrderOption.swift in Sources */,
				0A0B41072907C59600057FA7 /* SwipeableCardViewController.swift in Sources */,
				3A70C3CF2901CB9600BE11B5 /* CoreDataDAO.swift in Sources */,
				FB32280F29046B4500276A7D /* VideoDetailViewController.swift in Sources */,
				3A70C3CF2901CB9600BE11B5 /* CoreDataDAO.swift in Sources */,
				FB32281329046CDE00276A7D /* VideoPlayView.swift in Sources */,
				3A2880FE29042A0600FBFB70 /* Date+RandomDate.swift in Sources */,
				3A2880EB29033C2500FBFB70 /* FilterOption.swift in Sources */,
				707B2CBA2901382A0062C958 /* Padding+.swift in Sources */,
				0A0B410B2907C64900057FA7 /* DummyVideoModel.swift in Sources */,
				70A44809290464BD00BE18A5 /* GymSettingViewController.swift in Sources */,
				3AA4D41F28FEBADE006C718A /* AppDelegate.swift in Sources */,
				3A15AC7F2907262C0058512F /* VideoCollectionView+DataSorting.swift in Sources */,
				342508A929001C2E000653D9 /* HomeCollectionViewCardCell+CollectionViewExtensions.swift in Sources */,
				3A15AC8129072D280058512F /* CRUDTestViewController.swift in Sources */,
				3AA4D42928FEBADE006C718A /* OrrRock.xcdatamodeld in Sources */,
				78F93ED7290743DF00F3D9F3 /* LevelAndPFEditViewController.swift in Sources */,
				78A0354C290131E100FF1913 /* VideoCollectionViewController.swift in Sources */,
				342508A329001780000653D9 /* HomeViewController.swift in Sources */,
				342508A52900196B000653D9 /* HomeViewController+CollectionViewExtensions.swift in Sources */,
				3A15AC882907B1160058512F /* VideoInformation+CoreDataClass.swift in Sources */,
				3AA4D42128FEBADE006C718A /* SceneDelegate.swift in Sources */,
				342699232902E8480054D34C /* VideoFilterEnum.swift in Sources */,
				3A15AC7D2907258A0058512F /* SectionData.swift in Sources */,
				FB32281529046CED00276A7D /* VideoInfoView.swift in Sources */,
				3A70C3C62901435200BE11B5 /* VideoInfo.swift in Sources */,
				3A15AC8529072F940058512F /* RandomDataGenerator.swift in Sources */,
				342508AB29001CF8000653D9 /* HomeCardCollectionViewThumbnailCell.swift in Sources */,
				78CAA0682901FF0F003C3D77 /* VideoCollectionView+VideoCollectionViewExtensions.swift in Sources */,
				78CAA06C290271E7003C3D77 /* VIdeoCollectionFooterCell.swift in Sources */,
				709A8C6B2904827B00CEA6F4 /* UnderlinedTextField.swift in Sources */,
				707B2CB528FFFEFF0062C958 /* UpoadTestNextViewController.swift in Sources */,
				3A2880FB2904290E00FBFB70 /* SortTestViewController.swift in Sources */,
				FB3227FE2903FDA600276A7D /* String+.swift in Sources */,
				78F93EDA2908D00F00F3D9F3 /* OnBoardingViewController.swift in Sources */,
				3A15AC7B290724620058512F /* DataManager.swift in Sources */,
				A88805852907F5A0002CD52E /* LevelPickerView.swift in Sources */,
				78CAA06A290271C9003C3D77 /* VideoCollectionViewHeaderCell.swift in Sources */,
				70A44807290452B000BE18A5 /* Button+.swift in Sources */,
			);
			runOnlyForDeploymentPostprocessing = 0;
		};
/* End PBXSourcesBuildPhase section */

/* Begin PBXVariantGroup section */
		3AA4D42C28FEBADF006C718A /* LaunchScreen.storyboard */ = {
			isa = PBXVariantGroup;
			children = (
				3AA4D42D28FEBADF006C718A /* Base */,
			);
			name = LaunchScreen.storyboard;
			sourceTree = "<group>";
		};
/* End PBXVariantGroup section */

/* Begin XCBuildConfiguration section */
		3AA4D43028FEBADF006C718A /* Debug */ = {
			isa = XCBuildConfiguration;
			buildSettings = {
				ALWAYS_SEARCH_USER_PATHS = NO;
				CLANG_ANALYZER_NONNULL = YES;
				CLANG_ANALYZER_NUMBER_OBJECT_CONVERSION = YES_AGGRESSIVE;
				CLANG_CXX_LANGUAGE_STANDARD = "gnu++20";
				CLANG_ENABLE_MODULES = YES;
				CLANG_ENABLE_OBJC_ARC = YES;
				CLANG_ENABLE_OBJC_WEAK = YES;
				CLANG_WARN_BLOCK_CAPTURE_AUTORELEASING = YES;
				CLANG_WARN_BOOL_CONVERSION = YES;
				CLANG_WARN_COMMA = YES;
				CLANG_WARN_CONSTANT_CONVERSION = YES;
				CLANG_WARN_DEPRECATED_OBJC_IMPLEMENTATIONS = YES;
				CLANG_WARN_DIRECT_OBJC_ISA_USAGE = YES_ERROR;
				CLANG_WARN_DOCUMENTATION_COMMENTS = YES;
				CLANG_WARN_EMPTY_BODY = YES;
				CLANG_WARN_ENUM_CONVERSION = YES;
				CLANG_WARN_INFINITE_RECURSION = YES;
				CLANG_WARN_INT_CONVERSION = YES;
				CLANG_WARN_NON_LITERAL_NULL_CONVERSION = YES;
				CLANG_WARN_OBJC_IMPLICIT_RETAIN_SELF = YES;
				CLANG_WARN_OBJC_LITERAL_CONVERSION = YES;
				CLANG_WARN_OBJC_ROOT_CLASS = YES_ERROR;
				CLANG_WARN_QUOTED_INCLUDE_IN_FRAMEWORK_HEADER = YES;
				CLANG_WARN_RANGE_LOOP_ANALYSIS = YES;
				CLANG_WARN_STRICT_PROTOTYPES = YES;
				CLANG_WARN_SUSPICIOUS_MOVE = YES;
				CLANG_WARN_UNGUARDED_AVAILABILITY = YES_AGGRESSIVE;
				CLANG_WARN_UNREACHABLE_CODE = YES;
				CLANG_WARN__DUPLICATE_METHOD_MATCH = YES;
				COPY_PHASE_STRIP = NO;
				DEBUG_INFORMATION_FORMAT = dwarf;
				ENABLE_STRICT_OBJC_MSGSEND = YES;
				ENABLE_TESTABILITY = YES;
				GCC_C_LANGUAGE_STANDARD = gnu11;
				GCC_DYNAMIC_NO_PIC = NO;
				GCC_NO_COMMON_BLOCKS = YES;
				GCC_OPTIMIZATION_LEVEL = 0;
				GCC_PREPROCESSOR_DEFINITIONS = (
					"DEBUG=1",
					"$(inherited)",
				);
				GCC_WARN_64_TO_32_BIT_CONVERSION = YES;
				GCC_WARN_ABOUT_RETURN_TYPE = YES_ERROR;
				GCC_WARN_UNDECLARED_SELECTOR = YES;
				GCC_WARN_UNINITIALIZED_AUTOS = YES_AGGRESSIVE;
				GCC_WARN_UNUSED_FUNCTION = YES;
				GCC_WARN_UNUSED_VARIABLE = YES;
				IPHONEOS_DEPLOYMENT_TARGET = 16.0;
				MTL_ENABLE_DEBUG_INFO = INCLUDE_SOURCE;
				MTL_FAST_MATH = YES;
				ONLY_ACTIVE_ARCH = YES;
				SDKROOT = iphoneos;
				SWIFT_ACTIVE_COMPILATION_CONDITIONS = DEBUG;
				SWIFT_OPTIMIZATION_LEVEL = "-Onone";
			};
			name = Debug;
		};
		3AA4D43128FEBADF006C718A /* Release */ = {
			isa = XCBuildConfiguration;
			buildSettings = {
				ALWAYS_SEARCH_USER_PATHS = NO;
				CLANG_ANALYZER_NONNULL = YES;
				CLANG_ANALYZER_NUMBER_OBJECT_CONVERSION = YES_AGGRESSIVE;
				CLANG_CXX_LANGUAGE_STANDARD = "gnu++20";
				CLANG_ENABLE_MODULES = YES;
				CLANG_ENABLE_OBJC_ARC = YES;
				CLANG_ENABLE_OBJC_WEAK = YES;
				CLANG_WARN_BLOCK_CAPTURE_AUTORELEASING = YES;
				CLANG_WARN_BOOL_CONVERSION = YES;
				CLANG_WARN_COMMA = YES;
				CLANG_WARN_CONSTANT_CONVERSION = YES;
				CLANG_WARN_DEPRECATED_OBJC_IMPLEMENTATIONS = YES;
				CLANG_WARN_DIRECT_OBJC_ISA_USAGE = YES_ERROR;
				CLANG_WARN_DOCUMENTATION_COMMENTS = YES;
				CLANG_WARN_EMPTY_BODY = YES;
				CLANG_WARN_ENUM_CONVERSION = YES;
				CLANG_WARN_INFINITE_RECURSION = YES;
				CLANG_WARN_INT_CONVERSION = YES;
				CLANG_WARN_NON_LITERAL_NULL_CONVERSION = YES;
				CLANG_WARN_OBJC_IMPLICIT_RETAIN_SELF = YES;
				CLANG_WARN_OBJC_LITERAL_CONVERSION = YES;
				CLANG_WARN_OBJC_ROOT_CLASS = YES_ERROR;
				CLANG_WARN_QUOTED_INCLUDE_IN_FRAMEWORK_HEADER = YES;
				CLANG_WARN_RANGE_LOOP_ANALYSIS = YES;
				CLANG_WARN_STRICT_PROTOTYPES = YES;
				CLANG_WARN_SUSPICIOUS_MOVE = YES;
				CLANG_WARN_UNGUARDED_AVAILABILITY = YES_AGGRESSIVE;
				CLANG_WARN_UNREACHABLE_CODE = YES;
				CLANG_WARN__DUPLICATE_METHOD_MATCH = YES;
				COPY_PHASE_STRIP = NO;
				DEBUG_INFORMATION_FORMAT = "dwarf-with-dsym";
				ENABLE_NS_ASSERTIONS = NO;
				ENABLE_STRICT_OBJC_MSGSEND = YES;
				GCC_C_LANGUAGE_STANDARD = gnu11;
				GCC_NO_COMMON_BLOCKS = YES;
				GCC_WARN_64_TO_32_BIT_CONVERSION = YES;
				GCC_WARN_ABOUT_RETURN_TYPE = YES_ERROR;
				GCC_WARN_UNDECLARED_SELECTOR = YES;
				GCC_WARN_UNINITIALIZED_AUTOS = YES_AGGRESSIVE;
				GCC_WARN_UNUSED_FUNCTION = YES;
				GCC_WARN_UNUSED_VARIABLE = YES;
				IPHONEOS_DEPLOYMENT_TARGET = 16.0;
				MTL_ENABLE_DEBUG_INFO = NO;
				MTL_FAST_MATH = YES;
				SDKROOT = iphoneos;
				SWIFT_COMPILATION_MODE = wholemodule;
				SWIFT_OPTIMIZATION_LEVEL = "-O";
				VALIDATE_PRODUCT = YES;
			};
			name = Release;
		};
		3AA4D43328FEBADF006C718A /* Debug */ = {
			isa = XCBuildConfiguration;
			buildSettings = {
				ASSETCATALOG_COMPILER_APPICON_NAME = AppIcon;
				ASSETCATALOG_COMPILER_GLOBAL_ACCENT_COLOR_NAME = AccentColor;
				CODE_SIGN_STYLE = Automatic;
				CURRENT_PROJECT_VERSION = 1;
				DEVELOPMENT_TEAM = ML59XN7A6B;
				GENERATE_INFOPLIST_FILE = YES;
				INFOPLIST_FILE = OrrRock/Info.plist;
				INFOPLIST_KEY_LSApplicationCategoryType = "";
				INFOPLIST_KEY_NSPhotoLibraryAddUsageDescription = "동영상 저장 권한이 필요합니다.";
				INFOPLIST_KEY_NSPhotoLibraryUsageDescription = "사진앱의 권한이 필요합니다.";
				INFOPLIST_KEY_UIApplicationSupportsIndirectInputEvents = YES;
				INFOPLIST_KEY_UILaunchStoryboardName = LaunchScreen;
				INFOPLIST_KEY_UISupportedInterfaceOrientations_iPad = "UIInterfaceOrientationPortrait UIInterfaceOrientationPortraitUpsideDown UIInterfaceOrientationLandscapeLeft UIInterfaceOrientationLandscapeRight";
				INFOPLIST_KEY_UISupportedInterfaceOrientations_iPhone = "UIInterfaceOrientationPortrait UIInterfaceOrientationLandscapeLeft UIInterfaceOrientationLandscapeRight";
				INFOPLIST_KEY_UIUserInterfaceStyle = Light;
				LD_RUNPATH_SEARCH_PATHS = (
					"$(inherited)",
					"@executable_path/Frameworks",
				);
				MARKETING_VERSION = 1.0;
				PRODUCT_BUNDLE_IDENTIFIER = com.jhHwang.OrrRock22;
				PRODUCT_NAME = "$(TARGET_NAME)";
				SUPPORTED_PLATFORMS = "iphoneos iphonesimulator";
				SUPPORTS_MACCATALYST = NO;
				SUPPORTS_MAC_DESIGNED_FOR_IPHONE_IPAD = NO;
				SWIFT_EMIT_LOC_STRINGS = YES;
				SWIFT_VERSION = 5.0;
				TARGETED_DEVICE_FAMILY = 1;
			};
			name = Debug;
		};
		3AA4D43428FEBADF006C718A /* Release */ = {
			isa = XCBuildConfiguration;
			buildSettings = {
				ASSETCATALOG_COMPILER_APPICON_NAME = AppIcon;
				ASSETCATALOG_COMPILER_GLOBAL_ACCENT_COLOR_NAME = AccentColor;
				CODE_SIGN_STYLE = Automatic;
				CURRENT_PROJECT_VERSION = 1;
				DEVELOPMENT_TEAM = ML59XN7A6B;
				GENERATE_INFOPLIST_FILE = YES;
				INFOPLIST_FILE = OrrRock/Info.plist;
				INFOPLIST_KEY_LSApplicationCategoryType = "";
				INFOPLIST_KEY_NSPhotoLibraryAddUsageDescription = "동영상 저장 권한이 필요합니다.";
				INFOPLIST_KEY_NSPhotoLibraryUsageDescription = "사진앱의 권한이 필요합니다.";
				INFOPLIST_KEY_UIApplicationSupportsIndirectInputEvents = YES;
				INFOPLIST_KEY_UILaunchStoryboardName = LaunchScreen;
				INFOPLIST_KEY_UISupportedInterfaceOrientations_iPad = "UIInterfaceOrientationPortrait UIInterfaceOrientationPortraitUpsideDown UIInterfaceOrientationLandscapeLeft UIInterfaceOrientationLandscapeRight";
				INFOPLIST_KEY_UISupportedInterfaceOrientations_iPhone = "UIInterfaceOrientationPortrait UIInterfaceOrientationLandscapeLeft UIInterfaceOrientationLandscapeRight";
				INFOPLIST_KEY_UIUserInterfaceStyle = Light;
				LD_RUNPATH_SEARCH_PATHS = (
					"$(inherited)",
					"@executable_path/Frameworks",
				);
				MARKETING_VERSION = 1.0;
				PRODUCT_BUNDLE_IDENTIFIER = com.jhHwang.OrrRock22;
				PRODUCT_NAME = "$(TARGET_NAME)";
				SUPPORTED_PLATFORMS = "iphoneos iphonesimulator";
				SUPPORTS_MACCATALYST = NO;
				SUPPORTS_MAC_DESIGNED_FOR_IPHONE_IPAD = NO;
				SWIFT_EMIT_LOC_STRINGS = YES;
				SWIFT_VERSION = 5.0;
				TARGETED_DEVICE_FAMILY = 1;
			};
			name = Release;
		};
/* End XCBuildConfiguration section */

/* Begin XCConfigurationList section */
		3AA4D41628FEBADE006C718A /* Build configuration list for PBXProject "OrrRock" */ = {
			isa = XCConfigurationList;
			buildConfigurations = (
				3AA4D43028FEBADF006C718A /* Debug */,
				3AA4D43128FEBADF006C718A /* Release */,
			);
			defaultConfigurationIsVisible = 0;
			defaultConfigurationName = Release;
		};
		3AA4D43228FEBADF006C718A /* Build configuration list for PBXNativeTarget "OrrRock" */ = {
			isa = XCConfigurationList;
			buildConfigurations = (
				3AA4D43328FEBADF006C718A /* Debug */,
				3AA4D43428FEBADF006C718A /* Release */,
			);
			defaultConfigurationIsVisible = 0;
			defaultConfigurationName = Release;
		};
/* End XCConfigurationList section */

/* Begin XCRemoteSwiftPackageReference section */
		3AA4D43528FEBE94006C718A /* XCRemoteSwiftPackageReference "SnapKit" */ = {
			isa = XCRemoteSwiftPackageReference;
			repositoryURL = "https://github.com/SnapKit/SnapKit";
			requirement = {
				branch = develop;
				kind = branch;
			};
		};
		707B2CAC28FFF7090062C958 /* XCRemoteSwiftPackageReference "NVActivityIndicatorView" */ = {
			isa = XCRemoteSwiftPackageReference;
			repositoryURL = "https://github.com/ninjaprox/NVActivityIndicatorView";
			requirement = {
				branch = master;
				kind = branch;
			};
		};
/* End XCRemoteSwiftPackageReference section */

/* Begin XCSwiftPackageProductDependency section */
		3AA4D43628FEBE94006C718A /* SnapKit */ = {
			isa = XCSwiftPackageProductDependency;
			package = 3AA4D43528FEBE94006C718A /* XCRemoteSwiftPackageReference "SnapKit" */;
			productName = SnapKit;
		};
		707B2CAD28FFF7090062C958 /* NVActivityIndicatorView */ = {
			isa = XCSwiftPackageProductDependency;
			package = 707B2CAC28FFF7090062C958 /* XCRemoteSwiftPackageReference "NVActivityIndicatorView" */;
			productName = NVActivityIndicatorView;
		};
/* End XCSwiftPackageProductDependency section */

/* Begin XCVersionGroup section */
		3AA4D42728FEBADE006C718A /* OrrRock.xcdatamodeld */ = {
			isa = XCVersionGroup;
			children = (
				3AA4D42828FEBADE006C718A /* OrrRock.xcdatamodel */,
			);
			currentVersion = 3AA4D42828FEBADE006C718A /* OrrRock.xcdatamodel */;
			path = OrrRock.xcdatamodeld;
			sourceTree = "<group>";
			versionGroupType = wrapper.xcdatamodel;
		};
/* End XCVersionGroup section */
	};
	rootObject = 3AA4D41328FEBADE006C718A /* Project object */;
}
